
Microsoft Visual Studio Solution File, Format Version 12.00
# Visual Studio Version 17
VisualStudioVersion = 17.5.001.0
MinimumVisualStudioVersion = 10.0.40219.1
Project("{9A19103F-16F7-4668-BE54-9A1E7A4F7556}") = "tl2-tp7-2025-JuanMartinFeliu", "tl2-tp7-2025-JuanMartinFeliu.csproj", "{BE974A0D-928B-43DD-AD50-8D16BCB9BC7B}"
EndProject
Global
	GlobalSection(SolutionConfigurationPlatforms) = preSolution
		Debug|Any CPU = Debug|Any CPU
		Release|Any CPU = Release|Any CPU
	EndGlobalSection
	GlobalSection(ProjectConfigurationPlatforms) = postSolution
		{BE974A0D-928B-43DD-AD50-8D16BCB9BC7B}.Debug|Any CPU.ActiveCfg = Debug|Any CPU
		{BE974A0D-928B-43DD-AD50-8D16BCB9BC7B}.Debug|Any CPU.Build.0 = Debug|Any CPU
		{BE974A0D-928B-43DD-AD50-8D16BCB9BC7B}.Release|Any CPU.ActiveCfg = Release|Any CPU
		{BE974A0D-928B-43DD-AD50-8D16BCB9BC7B}.Release|Any CPU.Build.0 = Release|Any CPU
	EndGlobalSection
	GlobalSection(SolutionProperties) = preSolution
		HideSolutionNode = FALSE
	EndGlobalSection
	GlobalSection(ExtensibilityGlobals) = postSolution
		SolutionGuid = {F64FF6C4-00A2-4FEB-8579-8843B9B95E58}
	EndGlobalSection
EndGlobal
